// !$*UTF8*$!
{
	archiveVersion = 1;
	classes = {
	};
	objectVersion = 46;
	objects = {

/* Begin PBXBuildFile section */
		3C0BB87A1CDB253C00E294E2 /* main.m in Sources */ = {isa = PBXBuildFile; fileRef = 3C0BB8791CDB253C00E294E2 /* main.m */; };
		3C0BB87D1CDB253C00E294E2 /* AppDelegate.m in Sources */ = {isa = PBXBuildFile; fileRef = 3C0BB87C1CDB253C00E294E2 /* AppDelegate.m */; };
		3C0BB8801CDB253C00E294E2 /* ViewController.m in Sources */ = {isa = PBXBuildFile; fileRef = 3C0BB87F1CDB253C00E294E2 /* ViewController.m */; };
		3C0BB8831CDB253C00E294E2 /* Main.storyboard in Resources */ = {isa = PBXBuildFile; fileRef = 3C0BB8811CDB253C00E294E2 /* Main.storyboard */; };
		3C0BB8851CDB253C00E294E2 /* Assets.xcassets in Resources */ = {isa = PBXBuildFile; fileRef = 3C0BB8841CDB253C00E294E2 /* Assets.xcassets */; };
		3C0BB8881CDB253C00E294E2 /* LaunchScreen.storyboard in Resources */ = {isa = PBXBuildFile; fileRef = 3C0BB8861CDB253C00E294E2 /* LaunchScreen.storyboard */; };
/* End PBXBuildFile section */

/* Begin PBXFileReference section */
		3C0BB8751CDB253C00E294E2 /* UPDate_Comment.app */ = {isa = PBXFileReference; explicitFileType = wrapper.application; includeInIndex = 0; path = UPDate_Comment.app; sourceTree = BUILT_PRODUCTS_DIR; };
		3C0BB8791CDB253C00E294E2 /* main.m */ = {isa = PBXFileReference; lastKnownFileType = sourcecode.c.objc; path = main.m; sourceTree = "<group>"; };
		3C0BB87B1CDB253C00E294E2 /* AppDelegate.h */ = {isa = PBXFileReference; lastKnownFileType = sourcecode.c.h; path = AppDelegate.h; sourceTree = "<group>"; };
		3C0BB87C1CDB253C00E294E2 /* AppDelegate.m */ = {isa = PBXFileReference; lastKnownFileType = sourcecode.c.objc; path = AppDelegate.m; sourceTree = "<group>"; };
		3C0BB87E1CDB253C00E294E2 /* ViewController.h */ = {isa = PBXFileReference; lastKnownFileType = sourcecode.c.h; path = ViewController.h; sourceTree = "<group>"; };
		3C0BB87F1CDB253C00E294E2 /* ViewController.m */ = {isa = PBXFileReference; lastKnownFileType = sourcecode.c.objc; path = ViewController.m; sourceTree = "<group>"; };
		3C0BB8821CDB253C00E294E2 /* Base */ = {isa = PBXFileReference; lastKnownFileType = file.storyboard; name = Base; path = Base.lproj/Main.storyboard; sourceTree = "<group>"; };
		3C0BB8841CDB253C00E294E2 /* Assets.xcassets */ = {isa = PBXFileReference; lastKnownFileType = folder.assetcatalog; path = Assets.xcassets; sourceTree = "<group>"; };
		3C0BB8871CDB253C00E294E2 /* Base */ = {isa = PBXFileReference; lastKnownFileType = file.storyboard; name = Base; path = Base.lproj/LaunchScreen.storyboard; sourceTree = "<group>"; };
		3C0BB8891CDB253C00E294E2 /* Info.plist */ = {isa = PBXFileReference; lastKnownFileType = text.plist.xml; path = Info.plist; sourceTree = "<group>"; };
/* End PBXFileReference section */

/* Begin PBXFrameworksBuildPhase section */
		3C0BB8721CDB253C00E294E2 /* Frameworks */ = {
			isa = PBXFrameworksBuildPhase;
			buildActionMask = 2147483647;
			files = (
			);
			runOnlyForDeploymentPostprocessing = 0;
		};
/* End PBXFrameworksBuildPhase section */

/* Begin PBXGroup section */
		3C0BB86C1CDB253C00E294E2 = {
			isa = PBXGroup;
			children = (
				3C0BB8771CDB253C00E294E2 /* UPDate_Comment */,
				3C0BB8761CDB253C00E294E2 /* Products */,
			);
			sourceTree = "<group>";
		};
		3C0BB8761CDB253C00E294E2 /* Products */ = {
			isa = PBXGroup;
			children = (
				3C0BB8751CDB253C00E294E2 /* UPDate_Comment.app */,
			);
			name = Products;
			sourceTree = "<group>";
		};
		3C0BB8771CDB253C00E294E2 /* UPDate_Comment */ = {
			isa = PBXGroup;
			children = (
				3C0BB87B1CDB253C00E294E2 /* AppDelegate.h */,
				3C0BB87C1CDB253C00E294E2 /* AppDelegate.m */,
				3C0BB87E1CDB253C00E294E2 /* ViewController.h */,
				3C0BB87F1CDB253C00E294E2 /* ViewController.m */,
				3C0BB8811CDB253C00E294E2 /* Main.storyboard */,
				3C0BB8841CDB253C00E294E2 /* Assets.xcassets */,
				3C0BB8861CDB253C00E294E2 /* LaunchScreen.storyboard */,
				3C0BB8891CDB253C00E294E2 /* Info.plist */,
				3C0BB8781CDB253C00E294E2 /* Supporting Files */,
			);
			path = UPDate_Comment;
			sourceTree = "<group>";
		};
		3C0BB8781CDB253C00E294E2 /* Supporting Files */ = {
			isa = PBXGroup;
			children = (
				3C0BB8791CDB253C00E294E2 /* main.m */,
			);
			name = "Supporting Files";
			sourceTree = "<group>";
		};
/* End PBXGroup section */

/* Begin PBXNativeTarget section */
		3C0BB8741CDB253C00E294E2 /* UPDate_Comment */ = {
			isa = PBXNativeTarget;
			buildConfigurationList = 3C0BB88C1CDB253C00E294E2 /* Build configuration list for PBXNativeTarget "UPDate_Comment" */;
			buildPhases = (
				3C0BB8711CDB253C00E294E2 /* Sources */,
				3C0BB8721CDB253C00E294E2 /* Frameworks */,
				3C0BB8731CDB253C00E294E2 /* Resources */,
			);
			buildRules = (
			);
			dependencies = (
			);
			name = UPDate_Comment;
			productName = UPDate_Comment;
			productReference = 3C0BB8751CDB253C00E294E2 /* UPDate_Comment.app */;
			productType = "com.apple.product-type.application";
		};
/* End PBXNativeTarget section */

/* Begin PBXProject section */
		3C0BB86D1CDB253C00E294E2 /* Project object */ = {
			isa = PBXProject;
			attributes = {
				LastUpgradeCheck = 0720;
				ORGANIZATIONNAME = Tmp;
				TargetAttributes = {
					3C0BB8741CDB253C00E294E2 = {
						CreatedOnToolsVersion = 7.2.1;
					};
				};
			};
			buildConfigurationList = 3C0BB8701CDB253C00E294E2 /* Build configuration list for PBXProject "UPDate_Comment" */;
			compatibilityVersion = "Xcode 3.2";
			developmentRegion = English;
			hasScannedForEncodings = 0;
			knownRegions = (
				en,
				Base,
			);
			mainGroup = 3C0BB86C1CDB253C00E294E2;
			productRefGroup = 3C0BB8761CDB253C00E294E2 /* Products */;
			projectDirPath = "";
			projectRoot = "";
			targets = (
				3C0BB8741CDB253C00E294E2 /* UPDate_Comment */,
			);
		};
/* End PBXProject section */

/* Begin PBXResourcesBuildPhase section */
		3C0BB8731CDB253C00E294E2 /* Resources */ = {
			isa = PBXResourcesBuildPhase;
			buildActionMask = 2147483647;
			files = (
				3C0BB8881CDB253C00E294E2 /* LaunchScreen.storyboard in Resources */,
				3C0BB8851CDB253C00E294E2 /* Assets.xcassets in Resources */,
				3C0BB8831CDB253C00E294E2 /* Main.storyboard in Resources */,
			);
			runOnlyForDeploymentPostprocessing = 0;
		};
/* End PBXResourcesBuildPhase section */

/* Begin PBXSourcesBuildPhase section */
		3C0BB8711CDB253C00E294E2 /* Sources */ = {
			isa = PBXSourcesBuildPhase;
			buildActionMask = 2147483647;
			files = (
				3C0BB8801CDB253C00E294E2 /* ViewController.m in Sources */,
				3C0BB87D1CDB253C00E294E2 /* AppDelegate.m in Sources */,
				3C0BB87A1CDB253C00E294E2 /* main.m in Sources */,
			);
			runOnlyForDeploymentPostprocessing = 0;
		};
/* End PBXSourcesBuildPhase section */

/* Begin PBXVariantGroup section */
		3C0BB8811CDB253C00E294E2 /* Main.storyboard */ = {
			isa = PBXVariantGroup;
			children = (
				3C0BB8821CDB253C00E294E2 /* Base */,
			);
			name = Main.storyboard;
			sourceTree = "<group>";
		};
		3C0BB8861CDB253C00E294E2 /* LaunchScreen.storyboard */ = {
			isa = PBXVariantGroup;
			children = (
				3C0BB8871CDB253C00E294E2 /* Base */,
			);
			name = LaunchScreen.storyboard;
			sourceTree = "<group>";
		};
/* End PBXVariantGroup section */

/* Begin XCBuildConfiguration section */
		3C0BB88A1CDB253C00E294E2 /* Debug */ = {
			isa = XCBuildConfiguration;
			buildSettings = {
				ALWAYS_SEARCH_USER_PATHS = NO;
				CLANG_CXX_LANGUAGE_STANDARD = "gnu++0x";
				CLANG_CXX_LIBRARY = "libc++";
				CLANG_ENABLE_MODULES = YES;
				CLANG_ENABLE_OBJC_ARC = YES;
				CLANG_WARN_BOOL_CONVERSION = YES;
				CLANG_WARN_CONSTANT_CONVERSION = YES;
				CLANG_WARN_DIRECT_OBJC_ISA_USAGE = YES_ERROR;
				CLANG_WARN_EMPTY_BODY = YES;
				CLANG_WARN_ENUM_CONVERSION = YES;
				CLANG_WARN_INT_CONVERSION = YES;
				CLANG_WARN_OBJC_ROOT_CLASS = YES_ERROR;
				CLANG_WARN_UNREACHABLE_CODE = YES;
				CLANG_WARN__DUPLICATE_METHOD_MATCH = YES;
				"CODE_SIGN_IDENTITY[sdk=iphoneos*]" = "iPhone Developer";
				COPY_PHASE_STRIP = NO;
				DEBUG_INFORMATION_FORMAT = dwarf;
				ENABLE_STRICT_OBJC_MSGSEND = YES;
				ENABLE_TESTABILITY = YES;
				GCC_C_LANGUAGE_STANDARD = gnu99;
				GCC_DYNAMIC_NO_PIC = NO;
				GCC_NO_COMMON_BLOCKS = YES;
				GCC_OPTIMIZATION_LEVEL = 0;
				GCC_PREPROCESSOR_DEFINITIONS = (
					"DEBUG=1",
					"$(inherited)",
				);
				GCC_WARN_64_TO_32_BIT_CONVERSION = YES;
				GCC_WARN_ABOUT_RETURN_TYPE = YES_ERROR;
				GCC_WARN_UNDECLARED_SELECTOR = YES;
				GCC_WARN_UNINITIALIZED_AUTOS = YES_AGGRESSIVE;
				GCC_WARN_UNUSED_FUNCTION = YES;
				GCC_WARN_UNUSED_VARIABLE = YES;
				IPHONEOS_DEPLOYMENT_TARGET = 9.2;
				MTL_ENABLE_DEBUG_INFO = YES;
				ONLY_ACTIVE_ARCH = YES;
				SDKROOT = iphoneos;
			};
			name = Debug;
		};
		3C0BB88B1CDB253C00E294E2 /* Release */ = {
			isa = XCBuildConfiguration;
			buildSettings = {
				ALWAYS_SEARCH_USER_PATHS = NO;
				CLANG_CXX_LANGUAGE_STANDARD = "gnu++0x";
				CLANG_CXX_LIBRARY = "libc++";
				CLANG_ENABLE_MODULES = YES;
				CLANG_ENABLE_OBJC_ARC = YES;
				CLANG_WARN_BOOL_CONVERSION = YES;
				CLANG_WARN_CONSTANT_CONVERSION = YES;
				CLANG_WARN_DIRECT_OBJC_ISA_USAGE = YES_ERROR;
				CLANG_WARN_EMPTY_BODY = YES;
				CLANG_WARN_ENUM_CONVERSION = YES;
				CLANG_WARN_INT_CONVERSION = YES;
				CLANG_WARN_OBJC_ROOT_CLASS = YES_ERROR;
				CLANG_WARN_UNREACHABLE_CODE = YES;
				CLANG_WARN__DUPLICATE_METHOD_MATCH = YES;
				"CODE_SIGN_IDENTITY[sdk=iphoneos*]" = "iPhone Developer";
				COPY_PHASE_STRIP = NO;
				DEBUG_INFORMATION_FORMAT = "dwarf-with-dsym";
				ENABLE_NS_ASSERTIONS = NO;
				ENABLE_STRICT_OBJC_MSGSEND = YES;
				GCC_C_LANGUAGE_STANDARD = gnu99;
				GCC_NO_COMMON_BLOCKS = YES;
				GCC_WARN_64_TO_32_BIT_CONVERSION = YES;
				GCC_WARN_ABOUT_RETURN_TYPE = YES_ERROR;
				GCC_WARN_UNDECLARED_SELECTOR = YES;
				GCC_WARN_UNINITIALIZED_AUTOS = YES_AGGRESSIVE;
				GCC_WARN_UNUSED_FUNCTION = YES;
				GCC_WARN_UNUSED_VARIABLE = YES;
				IPHONEOS_DEPLOYMENT_TARGET = 9.2;
				MTL_ENABLE_DEBUG_INFO = NO;
				SDKROOT = iphoneos;
				VALIDATE_PRODUCT = YES;
			};
			name = Release;
		};
		3C0BB88D1CDB253C00E294E2 /* Debug */ = {
			isa = XCBuildConfiguration;
			buildSettings = {
				ASSETCATALOG_COMPILER_APPICON_NAME = AppIcon;
				INFOPLIST_FILE = UPDate_Comment/Info.plist;
				LD_RUNPATH_SEARCH_PATHS = "$(inherited) @executable_path/Frameworks";
				PRODUCT_BUNDLE_IDENTIFIER = "com.Tmp.UPDate-Comment";
				PRODUCT_NAME = "$(TARGET_NAME)";
			};
			name = Debug;
		};
		3C0BB88E1CDB253C00E294E2 /* Release */ = {
			isa = XCBuildConfiguration;
			buildSettings = {
				ASSETCATALOG_COMPILER_APPICON_NAME = AppIcon;
				INFOPLIST_FILE = UPDate_Comment/Info.plist;
				LD_RUNPATH_SEARCH_PATHS = "$(inherited) @executable_path/Frameworks";
				PRODUCT_BUNDLE_IDENTIFIER = "com.Tmp.UPDate-Comment";
				PRODUCT_NAME = "$(TARGET_NAME)";
			};
			name = Release;
		};
/* End XCBuildConfiguration section */

/* Begin XCConfigurationList section */
		3C0BB8701CDB253C00E294E2 /* Build configuration list for PBXProject "UPDate_Comment" */ = {
			isa = XCConfigurationList;
			buildConfigurations = (
				3C0BB88A1CDB253C00E294E2 /* Debug */,
				3C0BB88B1CDB253C00E294E2 /* Release */,
			);
			defaultConfigurationIsVisible = 0;
			defaultConfigurationName = Release;
		};
		3C0BB88C1CDB253C00E294E2 /* Build configuration list for PBXNativeTarget "UPDate_Comment" */ = {
			isa = XCConfigurationList;
			buildConfigurations = (
				3C0BB88D1CDB253C00E294E2 /* Debug */,
				3C0BB88E1CDB253C00E294E2 /* Release */,
			);
			defaultConfigurationIsVisible = 0;
		};
/* End XCConfigurationList section */
	};
	rootObject = 3C0BB86D1CDB253C00E294E2 /* Project object */;
}
